
Microsoft Visual Studio Solution File, Format Version 12.00
# Visual Studio Version 17
VisualStudioVersion = 17.10.34916.146
MinimumVisualStudioVersion = 10.0.40219.1
Project("{9A19103F-16F7-4668-BE54-9A1E7A4F7556}") = "Youtube Versão 2", "Youtube Versão 2\Youtube Versão 2.csproj", "{F8D0203E-0EBE-42C0-A980-7CD5D306A372}"
EndProject
Global
	GlobalSection(SolutionConfigurationPlatforms) = preSolution
		Debug|Any CPU = Debug|Any CPU
		Debug|x64 = Debug|x64
		Release|Any CPU = Release|Any CPU
		Release|x64 = Release|x64
	EndGlobalSection
	GlobalSection(ProjectConfigurationPlatforms) = postSolution
		{F8D0203E-0EBE-42C0-A980-7CD5D306A372}.Debug|Any CPU.ActiveCfg = Debug|Any CPU
		{F8D0203E-0EBE-42C0-A980-7CD5D306A372}.Debug|Any CPU.Build.0 = Debug|Any CPU
		{F8D0203E-0EBE-42C0-A980-7CD5D306A372}.Debug|x64.ActiveCfg = Debug|x64
		{F8D0203E-0EBE-42C0-A980-7CD5D306A372}.Debug|x64.Build.0 = Debug|x64
		{F8D0203E-0EBE-42C0-A980-7CD5D306A372}.Release|Any CPU.ActiveCfg = Release|Any CPU
		{F8D0203E-0EBE-42C0-A980-7CD5D306A372}.Release|Any CPU.Build.0 = Release|Any CPU
		{F8D0203E-0EBE-42C0-A980-7CD5D306A372}.Release|x64.ActiveCfg = Release|x64
		{F8D0203E-0EBE-42C0-A980-7CD5D306A372}.Release|x64.Build.0 = Release|x64
	EndGlobalSection
	GlobalSection(SolutionProperties) = preSolution
		HideSolutionNode = FALSE
	EndGlobalSection
	GlobalSection(ExtensibilityGlobals) = postSolution
		SolutionGuid = {40A574C7-097A-4559-891C-BA52FA39B620}
	EndGlobalSection
EndGlobal
